// !$*UTF8*$!
{
	archiveVersion = 1;
	classes = {
	};
	objectVersion = 46;
	objects = {

/* Begin PBXBuildFile section */
		193460581F7144A800AC0034 /* AppDelegate.swift in Sources */ = {isa = PBXBuildFile; fileRef = 193460571F7144A800AC0034 /* AppDelegate.swift */; };
		1934605D1F7144A800AC0034 /* Main.storyboard in Resources */ = {isa = PBXBuildFile; fileRef = 1934605B1F7144A800AC0034 /* Main.storyboard */; };
		1934605F1F7144A800AC0034 /* Assets.xcassets in Resources */ = {isa = PBXBuildFile; fileRef = 1934605E1F7144A800AC0034 /* Assets.xcassets */; };
		193460621F7144A800AC0034 /* LaunchScreen.storyboard in Resources */ = {isa = PBXBuildFile; fileRef = 193460601F7144A800AC0034 /* LaunchScreen.storyboard */; };
		1934606A1F7148E600AC0034 /* ConfigureCourtsViewController.swift in Sources */ = {isa = PBXBuildFile; fileRef = 193460691F7148E600AC0034 /* ConfigureCourtsViewController.swift */; };
		1934606C1F714A9800AC0034 /* Common.swift in Sources */ = {isa = PBXBuildFile; fileRef = 1934606B1F714A9800AC0034 /* Common.swift */; };
		1934606E1F72F8EB00AC0034 /* GameTableViewController.swift in Sources */ = {isa = PBXBuildFile; fileRef = 1934606D1F72F8EB00AC0034 /* GameTableViewController.swift */; };
		193460701F72FB4900AC0034 /* CourtTableViewCell.swift in Sources */ = {isa = PBXBuildFile; fileRef = 1934606F1F72FB4900AC0034 /* CourtTableViewCell.swift */; };
		193460721F73D8F800AC0034 /* SpareTableViewCell.swift in Sources */ = {isa = PBXBuildFile; fileRef = 193460711F73D8F800AC0034 /* SpareTableViewCell.swift */; };
		193460741F73E33300AC0034 /* SharedAssets.swift in Sources */ = {isa = PBXBuildFile; fileRef = 193460731F73E33300AC0034 /* SharedAssets.swift */; };
		1934607E1F73F90A00AC0034 /* GamesPageViewController.swift in Sources */ = {isa = PBXBuildFile; fileRef = 1934607D1F73F90A00AC0034 /* GamesPageViewController.swift */; };
		193460801F73FA5700AC0034 /* GameViewController.swift in Sources */ = {isa = PBXBuildFile; fileRef = 1934607F1F73FA5700AC0034 /* GameViewController.swift */; };
/* End PBXBuildFile section */

/* Begin PBXFileReference section */
		193460541F7144A800AC0034 /* PBCourtOrganizer.app */ = {isa = PBXFileReference; explicitFileType = wrapper.application; includeInIndex = 0; path = PBCourtOrganizer.app; sourceTree = BUILT_PRODUCTS_DIR; };
		193460571F7144A800AC0034 /* AppDelegate.swift */ = {isa = PBXFileReference; lastKnownFileType = sourcecode.swift; path = AppDelegate.swift; sourceTree = "<group>"; };
		1934605C1F7144A800AC0034 /* Base */ = {isa = PBXFileReference; lastKnownFileType = file.storyboard; name = Base; path = Base.lproj/Main.storyboard; sourceTree = "<group>"; };
		1934605E1F7144A800AC0034 /* Assets.xcassets */ = {isa = PBXFileReference; lastKnownFileType = folder.assetcatalog; path = Assets.xcassets; sourceTree = "<group>"; };
		193460611F7144A800AC0034 /* Base */ = {isa = PBXFileReference; lastKnownFileType = file.storyboard; name = Base; path = Base.lproj/LaunchScreen.storyboard; sourceTree = "<group>"; };
		193460631F7144A800AC0034 /* Info.plist */ = {isa = PBXFileReference; lastKnownFileType = text.plist.xml; path = Info.plist; sourceTree = "<group>"; };
		193460691F7148E600AC0034 /* ConfigureCourtsViewController.swift */ = {isa = PBXFileReference; fileEncoding = 4; lastKnownFileType = sourcecode.swift; path = ConfigureCourtsViewController.swift; sourceTree = "<group>"; };
		1934606B1F714A9800AC0034 /* Common.swift */ = {isa = PBXFileReference; fileEncoding = 4; lastKnownFileType = sourcecode.swift; path = Common.swift; sourceTree = "<group>"; };
		1934606D1F72F8EB00AC0034 /* GameTableViewController.swift */ = {isa = PBXFileReference; fileEncoding = 4; lastKnownFileType = sourcecode.swift; path = GameTableViewController.swift; sourceTree = "<group>"; };
		1934606F1F72FB4900AC0034 /* CourtTableViewCell.swift */ = {isa = PBXFileReference; fileEncoding = 4; lastKnownFileType = sourcecode.swift; path = CourtTableViewCell.swift; sourceTree = "<group>"; };
		193460711F73D8F800AC0034 /* SpareTableViewCell.swift */ = {isa = PBXFileReference; fileEncoding = 4; lastKnownFileType = sourcecode.swift; path = SpareTableViewCell.swift; sourceTree = "<group>"; };
		193460731F73E33300AC0034 /* SharedAssets.swift */ = {isa = PBXFileReference; fileEncoding = 4; lastKnownFileType = sourcecode.swift; path = SharedAssets.swift; sourceTree = "<group>"; };
		1934607D1F73F90A00AC0034 /* GamesPageViewController.swift */ = {isa = PBXFileReference; fileEncoding = 4; lastKnownFileType = sourcecode.swift; path = GamesPageViewController.swift; sourceTree = "<group>"; };
		1934607F1F73FA5700AC0034 /* GameViewController.swift */ = {isa = PBXFileReference; fileEncoding = 4; lastKnownFileType = sourcecode.swift; path = GameViewController.swift; sourceTree = "<group>"; };
/* End PBXFileReference section */

/* Begin PBXFrameworksBuildPhase section */
		193460511F7144A800AC0034 /* Frameworks */ = {
			isa = PBXFrameworksBuildPhase;
			buildActionMask = 2147483647;
			files = (
			);
			runOnlyForDeploymentPostprocessing = 0;
		};
/* End PBXFrameworksBuildPhase section */

/* Begin PBXGroup section */
		1934604B1F7144A800AC0034 = {
			isa = PBXGroup;
			children = (
				193460561F7144A800AC0034 /* PBCourtOrganizer */,
				193460551F7144A800AC0034 /* Products */,
			);
			sourceTree = "<group>";
		};
		193460551F7144A800AC0034 /* Products */ = {
			isa = PBXGroup;
			children = (
				193460541F7144A800AC0034 /* PBCourtOrganizer.app */,
			);
			name = Products;
			sourceTree = "<group>";
		};
		193460561F7144A800AC0034 /* PBCourtOrganizer */ = {
			isa = PBXGroup;
			children = (
				193460731F73E33300AC0034 /* SharedAssets.swift */,
				193460571F7144A800AC0034 /* AppDelegate.swift */,
				1934605B1F7144A800AC0034 /* Main.storyboard */,
				193460691F7148E600AC0034 /* ConfigureCourtsViewController.swift */,
				1934607D1F73F90A00AC0034 /* GamesPageViewController.swift */,
				1934607F1F73FA5700AC0034 /* GameViewController.swift */,
				1934606D1F72F8EB00AC0034 /* GameTableViewController.swift */,
				1934606B1F714A9800AC0034 /* Common.swift */,
				1934606F1F72FB4900AC0034 /* CourtTableViewCell.swift */,
				193460711F73D8F800AC0034 /* SpareTableViewCell.swift */,
				1934605E1F7144A800AC0034 /* Assets.xcassets */,
				193460601F7144A800AC0034 /* LaunchScreen.storyboard */,
				193460631F7144A800AC0034 /* Info.plist */,
			);
			path = PBCourtOrganizer;
			sourceTree = "<group>";
		};
/* End PBXGroup section */

/* Begin PBXNativeTarget section */
		193460531F7144A800AC0034 /* PBCourtOrganizer */ = {
			isa = PBXNativeTarget;
			buildConfigurationList = 193460661F7144A800AC0034 /* Build configuration list for PBXNativeTarget "PBCourtOrganizer" */;
			buildPhases = (
				193460501F7144A800AC0034 /* Sources */,
				193460511F7144A800AC0034 /* Frameworks */,
				193460521F7144A800AC0034 /* Resources */,
			);
			buildRules = (
			);
			dependencies = (
			);
			name = PBCourtOrganizer;
			productName = PBCourtOrganizer;
			productReference = 193460541F7144A800AC0034 /* PBCourtOrganizer.app */;
			productType = "com.apple.product-type.application";
		};
/* End PBXNativeTarget section */

/* Begin PBXProject section */
		1934604C1F7144A800AC0034 /* Project object */ = {
			isa = PBXProject;
			attributes = {
				LastSwiftUpdateCheck = 0830;
				LastUpgradeCheck = 0830;
				ORGANIZATIONNAME = "codeDependent Software";
				TargetAttributes = {
					193460531F7144A800AC0034 = {
						CreatedOnToolsVersion = 8.3.2;
						DevelopmentTeam = R2V7Z98BC4;
						ProvisioningStyle = Automatic;
					};
				};
			};
			buildConfigurationList = 1934604F1F7144A800AC0034 /* Build configuration list for PBXProject "PBCourtOrganizer" */;
			compatibilityVersion = "Xcode 3.2";
			developmentRegion = English;
			hasScannedForEncodings = 0;
			knownRegions = (
				en,
				Base,
			);
			mainGroup = 1934604B1F7144A800AC0034;
			productRefGroup = 193460551F7144A800AC0034 /* Products */;
			projectDirPath = "";
			projectRoot = "";
			targets = (
				193460531F7144A800AC0034 /* PBCourtOrganizer */,
			);
		};
/* End PBXProject section */

/* Begin PBXResourcesBuildPhase section */
		193460521F7144A800AC0034 /* Resources */ = {
			isa = PBXResourcesBuildPhase;
			buildActionMask = 2147483647;
			files = (
				193460621F7144A800AC0034 /* LaunchScreen.storyboard in Resources */,
				1934605F1F7144A800AC0034 /* Assets.xcassets in Resources */,
				1934605D1F7144A800AC0034 /* Main.storyboard in Resources */,
			);
			runOnlyForDeploymentPostprocessing = 0;
		};
/* End PBXResourcesBuildPhase section */

/* Begin PBXSourcesBuildPhase section */
		193460501F7144A800AC0034 /* Sources */ = {
			isa = PBXSourcesBuildPhase;
			buildActionMask = 2147483647;
			files = (
				193460741F73E33300AC0034 /* SharedAssets.swift in Sources */,
				1934607E1F73F90A00AC0034 /* GamesPageViewController.swift in Sources */,
				1934606E1F72F8EB00AC0034 /* GameTableViewController.swift in Sources */,
				1934606C1F714A9800AC0034 /* Common.swift in Sources */,
				193460801F73FA5700AC0034 /* GameViewController.swift in Sources */,
				1934606A1F7148E600AC0034 /* ConfigureCourtsViewController.swift in Sources */,
				193460721F73D8F800AC0034 /* SpareTableViewCell.swift in Sources */,
				193460701F72FB4900AC0034 /* CourtTableViewCell.swift in Sources */,
				193460581F7144A800AC0034 /* AppDelegate.swift in Sources */,
			);
			runOnlyForDeploymentPostprocessing = 0;
		};
/* End PBXSourcesBuildPhase section */

/* Begin PBXVariantGroup section */
		1934605B1F7144A800AC0034 /* Main.storyboard */ = {
			isa = PBXVariantGroup;
			children = (
				1934605C1F7144A800AC0034 /* Base */,
			);
			name = Main.storyboard;
			sourceTree = "<group>";
		};
		193460601F7144A800AC0034 /* LaunchScreen.storyboard */ = {
			isa = PBXVariantGroup;
			children = (
				193460611F7144A800AC0034 /* Base */,
			);
			name = LaunchScreen.storyboard;
			sourceTree = "<group>";
		};
/* End PBXVariantGroup section */

/* Begin XCBuildConfiguration section */
		193460641F7144A800AC0034 /* Debug */ = {
			isa = XCBuildConfiguration;
			buildSettings = {
				ALWAYS_SEARCH_USER_PATHS = NO;
				CLANG_ANALYZER_NONNULL = YES;
				CLANG_ANALYZER_NUMBER_OBJECT_CONVERSION = YES_AGGRESSIVE;
				CLANG_CXX_LANGUAGE_STANDARD = "gnu++0x";
				CLANG_CXX_LIBRARY = "libc++";
				CLANG_ENABLE_MODULES = YES;
				CLANG_ENABLE_OBJC_ARC = YES;
				CLANG_WARN_BOOL_CONVERSION = YES;
				CLANG_WARN_CONSTANT_CONVERSION = YES;
				CLANG_WARN_DIRECT_OBJC_ISA_USAGE = YES_ERROR;
				CLANG_WARN_DOCUMENTATION_COMMENTS = YES;
				CLANG_WARN_EMPTY_BODY = YES;
				CLANG_WARN_ENUM_CONVERSION = YES;
				CLANG_WARN_INFINITE_RECURSION = YES;
				CLANG_WARN_INT_CONVERSION = YES;
				CLANG_WARN_OBJC_ROOT_CLASS = YES_ERROR;
				CLANG_WARN_SUSPICIOUS_MOVE = YES;
				CLANG_WARN_UNREACHABLE_CODE = YES;
				CLANG_WARN__DUPLICATE_METHOD_MATCH = YES;
				"CODE_SIGN_IDENTITY[sdk=iphoneos*]" = "iPhone Developer";
				COPY_PHASE_STRIP = NO;
				DEBUG_INFORMATION_FORMAT = dwarf;
				ENABLE_STRICT_OBJC_MSGSEND = YES;
				ENABLE_TESTABILITY = YES;
				GCC_C_LANGUAGE_STANDARD = gnu99;
				GCC_DYNAMIC_NO_PIC = NO;
				GCC_NO_COMMON_BLOCKS = YES;
				GCC_OPTIMIZATION_LEVEL = 0;
				GCC_PREPROCESSOR_DEFINITIONS = (
					"DEBUG=1",
					"$(inherited)",
				);
				GCC_WARN_64_TO_32_BIT_CONVERSION = YES;
				GCC_WARN_ABOUT_RETURN_TYPE = YES_ERROR;
				GCC_WARN_UNDECLARED_SELECTOR = YES;
				GCC_WARN_UNINITIALIZED_AUTOS = YES_AGGRESSIVE;
				GCC_WARN_UNUSED_FUNCTION = YES;
				GCC_WARN_UNUSED_VARIABLE = YES;
				IPHONEOS_DEPLOYMENT_TARGET = 10.3;
				MTL_ENABLE_DEBUG_INFO = YES;
				ONLY_ACTIVE_ARCH = YES;
				SDKROOT = iphoneos;
				SWIFT_ACTIVE_COMPILATION_CONDITIONS = DEBUG;
				SWIFT_OPTIMIZATION_LEVEL = "-Onone";
				TARGETED_DEVICE_FAMILY = "1,2";
			};
			name = Debug;
		};
		193460651F7144A800AC0034 /* Release */ = {
			isa = XCBuildConfiguration;
			buildSettings = {
				ALWAYS_SEARCH_USER_PATHS = NO;
				CLANG_ANALYZER_NONNULL = YES;
				CLANG_ANALYZER_NUMBER_OBJECT_CONVERSION = YES_AGGRESSIVE;
				CLANG_CXX_LANGUAGE_STANDARD = "gnu++0x";
				CLANG_CXX_LIBRARY = "libc++";
				CLANG_ENABLE_MODULES = YES;
				CLANG_ENABLE_OBJC_ARC = YES;
				CLANG_WARN_BOOL_CONVERSION = YES;
				CLANG_WARN_CONSTANT_CONVERSION = YES;
				CLANG_WARN_DIRECT_OBJC_ISA_USAGE = YES_ERROR;
				CLANG_WARN_DOCUMENTATION_COMMENTS = YES;
				CLANG_WARN_EMPTY_BODY = YES;
				CLANG_WARN_ENUM_CONVERSION = YES;
				CLANG_WARN_INFINITE_RECURSION = YES;
				CLANG_WARN_INT_CONVERSION = YES;
				CLANG_WARN_OBJC_ROOT_CLASS = YES_ERROR;
				CLANG_WARN_SUSPICIOUS_MOVE = YES;
				CLANG_WARN_UNREACHABLE_CODE = YES;
				CLANG_WARN__DUPLICATE_METHOD_MATCH = YES;
				"CODE_SIGN_IDENTITY[sdk=iphoneos*]" = "iPhone Developer";
				COPY_PHASE_STRIP = NO;
				DEBUG_INFORMATION_FORMAT = "dwarf-with-dsym";
				ENABLE_NS_ASSERTIONS = NO;
				ENABLE_STRICT_OBJC_MSGSEND = YES;
				GCC_C_LANGUAGE_STANDARD = gnu99;
				GCC_NO_COMMON_BLOCKS = YES;
				GCC_WARN_64_TO_32_BIT_CONVERSION = YES;
				GCC_WARN_ABOUT_RETURN_TYPE = YES_ERROR;
				GCC_WARN_UNDECLARED_SELECTOR = YES;
				GCC_WARN_UNINITIALIZED_AUTOS = YES_AGGRESSIVE;
				GCC_WARN_UNUSED_FUNCTION = YES;
				GCC_WARN_UNUSED_VARIABLE = YES;
				IPHONEOS_DEPLOYMENT_TARGET = 10.3;
				MTL_ENABLE_DEBUG_INFO = NO;
				SDKROOT = iphoneos;
				SWIFT_OPTIMIZATION_LEVEL = "-Owholemodule";
				TARGETED_DEVICE_FAMILY = "1,2";
				VALIDATE_PRODUCT = YES;
			};
			name = Release;
		};
		193460671F7144A800AC0034 /* Debug */ = {
			isa = XCBuildConfiguration;
			buildSettings = {
				ASSETCATALOG_COMPILER_APPICON_NAME = AppIcon;
				DEVELOPMENT_TEAM = R2V7Z98BC4;
				INFOPLIST_FILE = PBCourtOrganizer/Info.plist;
				IPHONEOS_DEPLOYMENT_TARGET = 9.0;
				LD_RUNPATH_SEARCH_PATHS = "$(inherited) @executable_path/Frameworks";
				PRODUCT_BUNDLE_IDENTIFIER = com.cDs.PBCourtOrganizer;
				PRODUCT_NAME = "$(TARGET_NAME)";
				SWIFT_VERSION = 3.0;
			};
			name = Debug;
		};
		193460681F7144A800AC0034 /* Release */ = {
			isa = XCBuildConfiguration;
			buildSettings = {
				ASSETCATALOG_COMPILER_APPICON_NAME = AppIcon;
				DEVELOPMENT_TEAM = R2V7Z98BC4;
				INFOPLIST_FILE = PBCourtOrganizer/Info.plist;
				IPHONEOS_DEPLOYMENT_TARGET = 9.0;
				LD_RUNPATH_SEARCH_PATHS = "$(inherited) @executable_path/Frameworks";
				PRODUCT_BUNDLE_IDENTIFIER = com.cDs.PBCourtOrganizer;
				PRODUCT_NAME = "$(TARGET_NAME)";
				SWIFT_VERSION = 3.0;
			};
			name = Release;
		};
/* End XCBuildConfiguration section */

/* Begin XCConfigurationList section */
		1934604F1F7144A800AC0034 /* Build configuration list for PBXProject "PBCourtOrganizer" */ = {
			isa = XCConfigurationList;
			buildConfigurations = (
				193460641F7144A800AC0034 /* Debug */,
				193460651F7144A800AC0034 /* Release */,
			);
			defaultConfigurationIsVisible = 0;
			defaultConfigurationName = Release;
		};
		193460661F7144A800AC0034 /* Build configuration list for PBXNativeTarget "PBCourtOrganizer" */ = {
			isa = XCConfigurationList;
			buildConfigurations = (
				193460671F7144A800AC0034 /* Debug */,
				193460681F7144A800AC0034 /* Release */,
			);
			defaultConfigurationIsVisible = 0;
		};
/* End XCConfigurationList section */
	};
	rootObject = 1934604C1F7144A800AC0034 /* Project object */;
}
